Microsoft Visual Studio Solution File, Format Version 12.00
# Visual Studio Version 16
VisualStudioVersion = 16.0.30717.126
MinimumVisualStudioVersion = 10.0.40219.1
Project("{FAE04EC0-301F-11D3-BF4B-00C04F79EFBC}") = "AntiPlagiarism.ApiGateway", "AntiPlagiarism.ApiGateway\AntiPlagiarism.ApiGateway.csproj", "{0E6CFA2A-8076-4F96-B242-FB11848FB028}"
EndProject
Project("{FAE04EC0-301F-11D3-BF4B-00C04F79EFBC}") = "AntiPlagiarism.FileStoringService", "AntiPlagiarism.FileStoringService\AntiPlagiarism.FileStoringService.csproj", "{B441547E-FCCC-4900-A81B-D62887DD8E55}"
EndProject
Project("{FAE04EC0-301F-11D3-BF4B-00C04F79EFBC}") = "AntiPlagiarism.FileAnalysisService", "AntiPlagiarism.FileAnalysisService\AntiPlagiarism.FileAnalysisService.csproj", "{3C9B00E0-9F8F-4286-BE38-65EABCFF2AD0}"
EndProject
Project("{FAE04EC0-301F-11D3-BF4B-00C04F79EFBC}") = "AntiPlagiarism.FileAnalysisService.Tests", "AntiPlagiarism.FileAnalysisService.Tests\AntiPlagiarism.FileAnalysisService.Tests.csproj", "{21F6ED5F-F9E9-4EA9-9657-07276FC1270F}"
EndProject
Global
	GlobalSection(SolutionConfigurationPlatforms) = preSolution
		Debug|Any CPU = Debug|Any CPU
		Release|Any CPU = Release|Any CPU
	EndGlobalSection
	GlobalSection(ProjectConfigurationPlatforms) = postSolution
		{0E6CFA2A-8076-4F96-B242-FB11848FB028}.Debug|Any CPU.ActiveCfg = Debug|Any CPU
		{0E6CFA2A-8076-4F96-B242-FB11848FB028}.Debug|Any CPU.Build.0 = Debug|Any CPU
		{0E6CFA2A-8076-4F96-B242-FB11848FB028}.Release|Any CPU.ActiveCfg = Release|Any CPU
		{0E6CFA2A-8076-4F96-B242-FB11848FB028}.Release|Any CPU.Build.0 = Release|Any CPU
		{B441547E-FCCC-4900-A81B-D62887DD8E55}.Debug|Any CPU.ActiveCfg = Debug|Any CPU
		{B441547E-FCCC-4900-A81B-D62887DD8E55}.Debug|Any CPU.Build.0 = Debug|Any CPU
		{B441547E-FCCC-4900-A81B-D62887DD8E55}.Release|Any CPU.ActiveCfg = Release|Any CPU
		{B441547E-FCCC-4900-A81B-D62887DD8E55}.Release|Any CPU.Build.0 = Release|Any CPU
		{3C9B00E0-9F8F-4286-BE38-65EABCFF2AD0}.Debug|Any CPU.ActiveCfg = Debug|Any CPU
		{3C9B00E0-9F8F-4286-BE38-65EABCFF2AD0}.Debug|Any CPU.Build.0 = Debug|Any CPU
		{3C9B00E0-9F8F-4286-BE38-65EABCFF2AD0}.Release|Any CPU.ActiveCfg = Release|Any CPU
		{3C9B00E0-9F8F-4286-BE38-65EABCFF2AD0}.Release|Any CPU.Build.0 = Release|Any CPU
		{21F6ED5F-F9E9-4EA9-9657-07276FC1270F}.Debug|Any CPU.ActiveCfg = Debug|Any CPU
		{21F6ED5F-F9E9-4EA9-9657-07276FC1270F}.Debug|Any CPU.Build.0 = Debug|Any CPU
		{21F6ED5F-F9E9-4EA9-9657-07276FC1270F}.Release|Any CPU.ActiveCfg = Release|Any CPU
		{21F6ED5F-F9E9-4EA9-9657-07276FC1270F}.Release|Any CPU.Build.0 = Release|Any CPU
	EndGlobalSection
	GlobalSection(SolutionProperties) = preSolution
		HideSolutionNode = FALSE
	EndGlobalSection
	GlobalSection(ExtensibilityGlobals) = postSolution
		SolutionGuid = {YOUR-SOLUTION-GUID}
	EndGlobalSection
EndGlobal
